
Microsoft Visual Studio Solution File, Format Version 12.00
# Visual Studio 15
VisualStudioVersion = 15.0.28307.136
MinimumVisualStudioVersion = 10.0.40219.1
Project("{2150E333-8FDC-42A3-9474-1A3956D46DE8}") = "Web", "Web", "{42B864FB-BB80-4578-BF5A-E572077D02E3}"
EndProject
Project("{9A19103F-16F7-4668-BE54-9A1E7A4F7556}") = "Peanut.Web", "Web\Peanut.Web\Peanut.Web.csproj", "{2BC43DED-0468-4B6A-8BD7-36F88C0F37D9}"
EndProject
Project("{2150E333-8FDC-42A3-9474-1A3956D46DE8}") = "Data", "Data", "{D3F237AD-CF9C-4127-8696-F173095D4335}"
EndProject
Project("{9A19103F-16F7-4668-BE54-9A1E7A4F7556}") = "Peanut.Data", "Data\Peanut.Data\Peanut.Data.csproj", "{E5739920-6E0B-4A2C-8516-88B22F6CCD4B}"
EndProject
Project("{FAE04EC0-301F-11D3-BF4B-00C04F79EFBC}") = "Peanut.Data.Models", "Data\Peanut.Data.Models\Peanut.Data.Models.csproj", "{FBFED366-17D9-44D7-9378-21A4D8D3F677}"
EndProject
Global
	GlobalSection(SolutionConfigurationPlatforms) = preSolution
		Debug|Any CPU = Debug|Any CPU
		Release|Any CPU = Release|Any CPU
	EndGlobalSection
	GlobalSection(ProjectConfigurationPlatforms) = postSolution
		{2BC43DED-0468-4B6A-8BD7-36F88C0F37D9}.Debug|Any CPU.ActiveCfg = Debug|Any CPU
		{2BC43DED-0468-4B6A-8BD7-36F88C0F37D9}.Debug|Any CPU.Build.0 = Debug|Any CPU
		{2BC43DED-0468-4B6A-8BD7-36F88C0F37D9}.Release|Any CPU.ActiveCfg = Release|Any CPU
		{2BC43DED-0468-4B6A-8BD7-36F88C0F37D9}.Release|Any CPU.Build.0 = Release|Any CPU
		{E5739920-6E0B-4A2C-8516-88B22F6CCD4B}.Debug|Any CPU.ActiveCfg = Debug|Any CPU
		{E5739920-6E0B-4A2C-8516-88B22F6CCD4B}.Debug|Any CPU.Build.0 = Debug|Any CPU
		{E5739920-6E0B-4A2C-8516-88B22F6CCD4B}.Release|Any CPU.ActiveCfg = Release|Any CPU
		{E5739920-6E0B-4A2C-8516-88B22F6CCD4B}.Release|Any CPU.Build.0 = Release|Any CPU
		{FBFED366-17D9-44D7-9378-21A4D8D3F677}.Debug|Any CPU.ActiveCfg = Debug|Any CPU
		{FBFED366-17D9-44D7-9378-21A4D8D3F677}.Debug|Any CPU.Build.0 = Debug|Any CPU
		{FBFED366-17D9-44D7-9378-21A4D8D3F677}.Release|Any CPU.ActiveCfg = Release|Any CPU
		{FBFED366-17D9-44D7-9378-21A4D8D3F677}.Release|Any CPU.Build.0 = Release|Any CPU
	EndGlobalSection
	GlobalSection(SolutionProperties) = preSolution
		HideSolutionNode = FALSE
	EndGlobalSection
	GlobalSection(NestedProjects) = preSolution
		{2BC43DED-0468-4B6A-8BD7-36F88C0F37D9} = {42B864FB-BB80-4578-BF5A-E572077D02E3}
		{E5739920-6E0B-4A2C-8516-88B22F6CCD4B} = {D3F237AD-CF9C-4127-8696-F173095D4335}
		{FBFED366-17D9-44D7-9378-21A4D8D3F677} = {D3F237AD-CF9C-4127-8696-F173095D4335}
	EndGlobalSection
	GlobalSection(ExtensibilityGlobals) = postSolution
		SolutionGuid = {E1D2EEBE-2750-4C29-A84C-4D679F174329}
	EndGlobalSection
EndGlobal
