
Microsoft Visual Studio Solution File, Format Version 12.00
# Visual Studio 15
VisualStudioVersion = 15.0.28307.136
MinimumVisualStudioVersion = 10.0.40219.1
Project("{2150E333-8FDC-42A3-9474-1A3956D46DE8}") = "Web", "Web", "{42B864FB-BB80-4578-BF5A-E572077D02E3}"
EndProject
Project("{FAE04EC0-301F-11D3-BF4B-00C04F79EFBC}") = "Peanut.Web", "Web\Peanut.Web\Peanut.Web.csproj", "{2BC43DED-0468-4B6A-8BD7-36F88C0F37D9}"
EndProject
Global
	GlobalSection(SolutionConfigurationPlatforms) = preSolution
		Debug|Any CPU = Debug|Any CPU
		Release|Any CPU = Release|Any CPU
	EndGlobalSection
	GlobalSection(ProjectConfigurationPlatforms) = postSolution
		{2BC43DED-0468-4B6A-8BD7-36F88C0F37D9}.Debug|Any CPU.ActiveCfg = Debug|Any CPU
		{2BC43DED-0468-4B6A-8BD7-36F88C0F37D9}.Debug|Any CPU.Build.0 = Debug|Any CPU
		{2BC43DED-0468-4B6A-8BD7-36F88C0F37D9}.Release|Any CPU.ActiveCfg = Release|Any CPU
		{2BC43DED-0468-4B6A-8BD7-36F88C0F37D9}.Release|Any CPU.Build.0 = Release|Any CPU
	EndGlobalSection
	GlobalSection(SolutionProperties) = preSolution
		HideSolutionNode = FALSE
	EndGlobalSection
	GlobalSection(NestedProjects) = preSolution
		{2BC43DED-0468-4B6A-8BD7-36F88C0F37D9} = {42B864FB-BB80-4578-BF5A-E572077D02E3}
	EndGlobalSection
	GlobalSection(ExtensibilityGlobals) = postSolution
		SolutionGuid = {E1D2EEBE-2750-4C29-A84C-4D679F174329}
	EndGlobalSection
EndGlobal
